
Microsoft Visual Studio Solution File, Format Version 12.00
# Visual Studio 15
VisualStudioVersion = 15.0.28307.757
MinimumVisualStudioVersion = 10.0.40219.1
Project("{FAE04EC0-301F-11D3-BF4B-00C04F79EFBC}") = "VSTSTestCasesMigration", "VSTSTestCasesMigration\VSTSTestCasesMigration.csproj", "{981EA164-A5CB-43EF-A531-2600D238AD09}"
EndProject
Global
	GlobalSection(SolutionConfigurationPlatforms) = preSolution
		Debug|Any CPU = Debug|Any CPU
		Release|Any CPU = Release|Any CPU
	EndGlobalSection
	GlobalSection(ProjectConfigurationPlatforms) = postSolution
		{981EA164-A5CB-43EF-A531-2600D238AD09}.Debug|Any CPU.ActiveCfg = Debug|Any CPU
		{981EA164-A5CB-43EF-A531-2600D238AD09}.Debug|Any CPU.Build.0 = Debug|Any CPU
		{981EA164-A5CB-43EF-A531-2600D238AD09}.Release|Any CPU.ActiveCfg = Release|Any CPU
		{981EA164-A5CB-43EF-A531-2600D238AD09}.Release|Any CPU.Build.0 = Release|Any CPU
	EndGlobalSection
	GlobalSection(SolutionProperties) = preSolution
		HideSolutionNode = FALSE
	EndGlobalSection
	GlobalSection(ExtensibilityGlobals) = postSolution
		SolutionGuid = {17A9B980-39B0-49E7-8E2C-6B961FDC0430}
	EndGlobalSection
EndGlobal
